// !$*UTF8*$!
{
	archiveVersion = 1;
	classes = {
	};
	objectVersion = 56;
	objects = {

/* Begin PBXBuildFile section */
		A100000000000001 /* PiqueApp.swift in Sources */ = {isa = PBXBuildFile; fileRef = D100000000000001 /* PiqueApp.swift */; };
		A100000000000002 /* ContentView.swift in Sources */ = {isa = PBXBuildFile; fileRef = D100000000000002 /* ContentView.swift */; };
		A100000000000003 /* Assets.xcassets in Resources */ = {isa = PBXBuildFile; fileRef = D100000000000003 /* Assets.xcassets */; };
		A100000000000005 /* SyntaxHighlighter.swift in Sources */ = {isa = PBXBuildFile; fileRef = D100000000000008 /* SyntaxHighlighter.swift */; };
		A100000000000007 /* FileReader.swift in Sources */ = {isa = PBXBuildFile; fileRef = D100000000000009 /* FileReader.swift */; };
		A200000000000004 /* PreviewProvider.swift in Sources */ = {isa = PBXBuildFile; fileRef = D100000000000005 /* PreviewProvider.swift */; };
		A200000000000006 /* SyntaxHighlighter.swift in Sources */ = {isa = PBXBuildFile; fileRef = D100000000000008 /* SyntaxHighlighter.swift */; };
		A200000000000008 /* FileReader.swift in Sources */ = {isa = PBXBuildFile; fileRef = D100000000000009 /* FileReader.swift */; };
		A300000000000001 /* PiquePreview.appex in Embed Foundation Extensions */ = {isa = PBXBuildFile; fileRef = D200000000000002 /* PiquePreview.appex */; settings = {ATTRIBUTES = (RemoveHeadersOnCopy, ); }; };
		A400000000000001 /* FileFormatTests.swift in Sources */ = {isa = PBXBuildFile; fileRef = D300000000000001 /* FileFormatTests.swift */; };
		A400000000000002 /* FileReaderTests.swift in Sources */ = {isa = PBXBuildFile; fileRef = D300000000000002 /* FileReaderTests.swift */; };
		A400000000000003 /* ProfileDetectionTests.swift in Sources */ = {isa = PBXBuildFile; fileRef = D300000000000003 /* ProfileDetectionTests.swift */; };
		A400000000000004 /* FormattingTests.swift in Sources */ = {isa = PBXBuildFile; fileRef = D300000000000004 /* FormattingTests.swift */; };
		A400000000000005 /* HTMLTests.swift in Sources */ = {isa = PBXBuildFile; fileRef = D300000000000005 /* HTMLTests.swift */; };
		A400000000000006 /* HighlightIntegrationTests.swift in Sources */ = {isa = PBXBuildFile; fileRef = D300000000000006 /* HighlightIntegrationTests.swift */; };
/* End PBXBuildFile section */

/* Begin PBXContainerItemProxy section */
		C100000000000001 /* PBXContainerItemProxy */ = {
			isa = PBXContainerItemProxy;
			containerPortal = E000000000000001 /* Project object */;
			proxyType = 1;
			remoteGlobalIDString = B200000000000001;
			remoteInfo = PiquePreview;
		};
		C100000000000002 /* PBXContainerItemProxy */ = {
			isa = PBXContainerItemProxy;
			containerPortal = E000000000000001 /* Project object */;
			proxyType = 1;
			remoteGlobalIDString = B100000000000001;
			remoteInfo = Pique;
		};
/* End PBXContainerItemProxy section */

/* Begin PBXCopyFilesBuildPhase section */
		F100000000000001 /* Embed Foundation Extensions */ = {
			isa = PBXCopyFilesBuildPhase;
			buildActionMask = 2147483647;
			dstPath = "";
			dstSubfolderSpec = 13;
			files = (
				A300000000000001 /* PiquePreview.appex in Embed Foundation Extensions */,
			);
			name = "Embed Foundation Extensions";
			runOnlyForDeploymentPostprocessing = 0;
		};
/* End PBXCopyFilesBuildPhase section */

/* Begin PBXFileReference section */
		D100000000000001 /* PiqueApp.swift */ = {isa = PBXFileReference; lastKnownFileType = sourcecode.swift; path = PiqueApp.swift; sourceTree = "<group>"; };
		D100000000000002 /* ContentView.swift */ = {isa = PBXFileReference; lastKnownFileType = sourcecode.swift; path = ContentView.swift; sourceTree = "<group>"; };
		D100000000000003 /* Assets.xcassets */ = {isa = PBXFileReference; lastKnownFileType = folder.assetcatalog; path = Assets.xcassets; sourceTree = "<group>"; };
		D100000000000004 /* Pique.entitlements */ = {isa = PBXFileReference; lastKnownFileType = text.plist.entitlements; path = Pique.entitlements; sourceTree = "<group>"; };
		D100000000000005 /* PreviewProvider.swift */ = {isa = PBXFileReference; lastKnownFileType = sourcecode.swift; path = PreviewProvider.swift; sourceTree = "<group>"; };
		D100000000000006 /* Info.plist */ = {isa = PBXFileReference; lastKnownFileType = text.plist.xml; path = Info.plist; sourceTree = "<group>"; };
		D100000000000007 /* PiquePreview.entitlements */ = {isa = PBXFileReference; lastKnownFileType = text.plist.entitlements; path = PiquePreview.entitlements; sourceTree = "<group>"; };
		D100000000000008 /* SyntaxHighlighter.swift */ = {isa = PBXFileReference; lastKnownFileType = sourcecode.swift; path = SyntaxHighlighter.swift; sourceTree = "<group>"; };
		D100000000000009 /* FileReader.swift */ = {isa = PBXFileReference; lastKnownFileType = sourcecode.swift; path = FileReader.swift; sourceTree = "<group>"; };
		D200000000000001 /* Pique.app */ = {isa = PBXFileReference; explicitFileType = wrapper.application; includeInIndex = 0; path = Pique.app; sourceTree = BUILT_PRODUCTS_DIR; };
		D200000000000002 /* PiquePreview.appex */ = {isa = PBXFileReference; explicitFileType = "wrapper.app-extension"; includeInIndex = 0; path = PiquePreview.appex; sourceTree = BUILT_PRODUCTS_DIR; };
		D200000000000003 /* PiqueTests.xctest */ = {isa = PBXFileReference; explicitFileType = wrapper.cfbundle; includeInIndex = 0; path = PiqueTests.xctest; sourceTree = BUILT_PRODUCTS_DIR; };
		D300000000000001 /* FileFormatTests.swift */ = {isa = PBXFileReference; lastKnownFileType = sourcecode.swift; path = FileFormatTests.swift; sourceTree = "<group>"; };
		D300000000000002 /* FileReaderTests.swift */ = {isa = PBXFileReference; lastKnownFileType = sourcecode.swift; path = FileReaderTests.swift; sourceTree = "<group>"; };
		D300000000000003 /* ProfileDetectionTests.swift */ = {isa = PBXFileReference; lastKnownFileType = sourcecode.swift; path = ProfileDetectionTests.swift; sourceTree = "<group>"; };
		D300000000000004 /* FormattingTests.swift */ = {isa = PBXFileReference; lastKnownFileType = sourcecode.swift; path = FormattingTests.swift; sourceTree = "<group>"; };
		D300000000000005 /* HTMLTests.swift */ = {isa = PBXFileReference; lastKnownFileType = sourcecode.swift; path = HTMLTests.swift; sourceTree = "<group>"; };
		D300000000000006 /* HighlightIntegrationTests.swift */ = {isa = PBXFileReference; lastKnownFileType = sourcecode.swift; path = HighlightIntegrationTests.swift; sourceTree = "<group>"; };
/* End PBXFileReference section */

/* Begin PBXFrameworksBuildPhase section */
		F200000000000003 /* Frameworks */ = {
			isa = PBXFrameworksBuildPhase;
			buildActionMask = 2147483647;
			files = (
			);
			runOnlyForDeploymentPostprocessing = 0;
		};
		F200000000000001 /* Frameworks */ = {
			isa = PBXFrameworksBuildPhase;
			buildActionMask = 2147483647;
			files = (
			);
			runOnlyForDeploymentPostprocessing = 0;
		};
		F200000000000002 /* Frameworks */ = {
			isa = PBXFrameworksBuildPhase;
			buildActionMask = 2147483647;
			files = (
			);
			runOnlyForDeploymentPostprocessing = 0;
		};
/* End PBXFrameworksBuildPhase section */

/* Begin PBXGroup section */
		G000000000000001 = {
			isa = PBXGroup;
			children = (
				G000000000000002 /* Pique */,
				G000000000000003 /* PiquePreview */,
				G000000000000004 /* Shared */,
				G000000000000006 /* PiqueTests */,
				G000000000000005 /* Products */,
			);
			sourceTree = "<group>";
		};
		G000000000000002 /* Pique */ = {
			isa = PBXGroup;
			children = (
				D100000000000001 /* PiqueApp.swift */,
				D100000000000002 /* ContentView.swift */,
				D100000000000003 /* Assets.xcassets */,
				D100000000000004 /* Pique.entitlements */,
			);
			path = Pique;
			sourceTree = "<group>";
		};
		G000000000000003 /* PiquePreview */ = {
			isa = PBXGroup;
			children = (
				D100000000000005 /* PreviewProvider.swift */,
				D100000000000006 /* Info.plist */,
				D100000000000007 /* PiquePreview.entitlements */,
			);
			path = PiquePreview;
			sourceTree = "<group>";
		};
		G000000000000004 /* Shared */ = {
			isa = PBXGroup;
			children = (
				D100000000000008 /* SyntaxHighlighter.swift */,
				D100000000000009 /* FileReader.swift */,
			);
			path = Shared;
			sourceTree = "<group>";
		};
		G000000000000006 /* PiqueTests */ = {
			isa = PBXGroup;
			children = (
				D300000000000001 /* FileFormatTests.swift */,
				D300000000000002 /* FileReaderTests.swift */,
				D300000000000003 /* ProfileDetectionTests.swift */,
				D300000000000004 /* FormattingTests.swift */,
				D300000000000005 /* HTMLTests.swift */,
				D300000000000006 /* HighlightIntegrationTests.swift */,
			);
			path = PiqueTests;
			sourceTree = "<group>";
		};
		G000000000000005 /* Products */ = {
			isa = PBXGroup;
			children = (
				D200000000000001 /* Pique.app */,
				D200000000000002 /* PiquePreview.appex */,
				D200000000000003 /* PiqueTests.xctest */,
			);
			name = Products;
			sourceTree = "<group>";
		};
/* End PBXGroup section */

/* Begin PBXNativeTarget section */
		B100000000000001 /* Pique */ = {
			isa = PBXNativeTarget;
			buildConfigurationList = X100000000000001 /* Build configuration list for PBXNativeTarget "Pique" */;
			buildPhases = (
				S100000000000001 /* Sources */,
				F200000000000001 /* Frameworks */,
				R100000000000001 /* Resources */,
				F100000000000001 /* Embed Foundation Extensions */,
			);
			buildRules = (
			);
			dependencies = (
				C200000000000001 /* PBXTargetDependency */,
			);
			name = Pique;
			productName = Pique;
			productReference = D200000000000001 /* Pique.app */;
			productType = "com.apple.product-type.application";
		};
		B200000000000001 /* PiquePreview */ = {
			isa = PBXNativeTarget;
			buildConfigurationList = X200000000000001 /* Build configuration list for PBXNativeTarget "PiquePreview" */;
			buildPhases = (
				S200000000000001 /* Sources */,
				F200000000000002 /* Frameworks */,
				R200000000000001 /* Resources */,
			);
			buildRules = (
			);
			dependencies = (
			);
			name = PiquePreview;
			productName = PiquePreview;
			productReference = D200000000000002 /* PiquePreview.appex */;
			productType = "com.apple.product-type.app-extension";
		};
		B300000000000001 /* PiqueTests */ = {
			isa = PBXNativeTarget;
			buildConfigurationList = X300000000000001 /* Build configuration list for PBXNativeTarget "PiqueTests" */;
			buildPhases = (
				S300000000000001 /* Sources */,
				F200000000000003 /* Frameworks */,
				R300000000000001 /* Resources */,
			);
			buildRules = (
			);
			dependencies = (
				C200000000000002 /* PBXTargetDependency */,
			);
			name = PiqueTests;
			productName = PiqueTests;
			productReference = D200000000000003 /* PiqueTests.xctest */;
			productType = "com.apple.product-type.bundle.unit-test";
		};
/* End PBXNativeTarget section */

/* Begin PBXProject section */
		E000000000000001 /* Project object */ = {
			isa = PBXProject;
			attributes = {
				BuildIndependentTargetsInParallel = 1;
				LastSwiftUpdateCheck = 1540;
				LastUpgradeCheck = 2630;
				TargetAttributes = {
					B100000000000001 = {
						CreatedOnToolsVersion = 15.4;
					};
					B200000000000001 = {
						CreatedOnToolsVersion = 15.4;
					};
					B300000000000001 = {
						CreatedOnToolsVersion = 15.4;
						TestTargetID = B100000000000001;
					};
				};
			};
			buildConfigurationList = X000000000000001 /* Build configuration list for PBXProject "Pique" */;
			compatibilityVersion = "Xcode 14.0";
			developmentRegion = en;
			hasScannedForEncodings = 0;
			knownRegions = (
				en,
				Base,
			);
			mainGroup = G000000000000001;
			productRefGroup = G000000000000005 /* Products */;
			projectDirPath = "";
			projectRoot = "";
			targets = (
				B100000000000001 /* Pique */,
				B200000000000001 /* PiquePreview */,
				B300000000000001 /* PiqueTests */,
			);
		};
/* End PBXProject section */

/* Begin PBXResourcesBuildPhase section */
		R100000000000001 /* Resources */ = {
			isa = PBXResourcesBuildPhase;
			buildActionMask = 2147483647;
			files = (
				A100000000000003 /* Assets.xcassets in Resources */,
			);
			runOnlyForDeploymentPostprocessing = 0;
		};
		R200000000000001 /* Resources */ = {
			isa = PBXResourcesBuildPhase;
			buildActionMask = 2147483647;
			files = (
			);
			runOnlyForDeploymentPostprocessing = 0;
		};
		R300000000000001 /* Resources */ = {
			isa = PBXResourcesBuildPhase;
			buildActionMask = 2147483647;
			files = (
			);
			runOnlyForDeploymentPostprocessing = 0;
		};
/* End PBXResourcesBuildPhase section */

/* Begin PBXSourcesBuildPhase section */
		S100000000000001 /* Sources */ = {
			isa = PBXSourcesBuildPhase;
			buildActionMask = 2147483647;
			files = (
				A100000000000001 /* PiqueApp.swift in Sources */,
				A100000000000002 /* ContentView.swift in Sources */,
				A100000000000005 /* SyntaxHighlighter.swift in Sources */,
				A100000000000007 /* FileReader.swift in Sources */,
			);
			runOnlyForDeploymentPostprocessing = 0;
		};
		S200000000000001 /* Sources */ = {
			isa = PBXSourcesBuildPhase;
			buildActionMask = 2147483647;
			files = (
				A200000000000004 /* PreviewProvider.swift in Sources */,
				A200000000000006 /* SyntaxHighlighter.swift in Sources */,
				A200000000000008 /* FileReader.swift in Sources */,
			);
			runOnlyForDeploymentPostprocessing = 0;
		};
		S300000000000001 /* Sources */ = {
			isa = PBXSourcesBuildPhase;
			buildActionMask = 2147483647;
			files = (
				A400000000000001 /* FileFormatTests.swift in Sources */,
				A400000000000002 /* FileReaderTests.swift in Sources */,
				A400000000000003 /* ProfileDetectionTests.swift in Sources */,
				A400000000000004 /* FormattingTests.swift in Sources */,
				A400000000000005 /* HTMLTests.swift in Sources */,
				A400000000000006 /* HighlightIntegrationTests.swift in Sources */,
			);
			runOnlyForDeploymentPostprocessing = 0;
		};
/* End PBXSourcesBuildPhase section */

/* Begin PBXTargetDependency section */
		C200000000000001 /* PBXTargetDependency */ = {
			isa = PBXTargetDependency;
			target = B200000000000001 /* PiquePreview */;
			targetProxy = C100000000000001 /* PBXContainerItemProxy */;
		};
		C200000000000002 /* PBXTargetDependency */ = {
			isa = PBXTargetDependency;
			target = B100000000000001 /* Pique */;
			targetProxy = C100000000000002 /* PBXContainerItemProxy */;
		};
/* End PBXTargetDependency section */

/* Begin XCBuildConfiguration section */
		CF0000000000000D /* Debug */ = {
			isa = XCBuildConfiguration;
			buildSettings = {
				ALWAYS_SEARCH_USER_PATHS = NO;
				ASSETCATALOG_COMPILER_GENERATE_SWIFT_ASSET_SYMBOL_EXTENSIONS = YES;
				CLANG_ANALYZER_NONNULL = YES;
				CLANG_CXX_LANGUAGE_STANDARD = "gnu++20";
				CLANG_ENABLE_MODULES = YES;
				CLANG_ENABLE_OBJC_ARC = YES;
				CLANG_WARN_BLOCK_CAPTURE_AUTORELEASING = YES;
				CLANG_WARN_BOOL_CONVERSION = YES;
				CLANG_WARN_COMMA = YES;
				CLANG_WARN_CONSTANT_CONVERSION = YES;
				CLANG_WARN_DEPRECATED_OBJC_IMPLEMENTATIONS = YES;
				CLANG_WARN_DIRECT_OBJC_ISA_USAGE = YES_ERROR;
				CLANG_WARN_DOCUMENTATION_COMMENTS = YES;
				CLANG_WARN_EMPTY_BODY = YES;
				CLANG_WARN_ENUM_CONVERSION = YES;
				CLANG_WARN_INFINITE_RECURSION = YES;
				CLANG_WARN_INT_CONVERSION = YES;
				CLANG_WARN_NON_LITERAL_NULL_CONVERSION = YES;
				CLANG_WARN_OBJC_IMPLICIT_RETAIN_SELF = YES;
				CLANG_WARN_OBJC_LITERAL_CONVERSION = YES;
				CLANG_WARN_OBJC_ROOT_CLASS = YES_ERROR;
				CLANG_WARN_QUOTED_INCLUDE_IN_FRAMEWORK_HEADER = YES;
				CLANG_WARN_RANGE_LOOP_ANALYSIS = YES;
				CLANG_WARN_STRICT_PROTOTYPES = YES;
				CLANG_WARN_SUSPICIOUS_MOVE = YES;
				CLANG_WARN_UNGUARDED_AVAILABILITY = YES_AGGRESSIVE;
				CLANG_WARN_UNREACHABLE_CODE = YES;
				CLANG_WARN__DUPLICATE_METHOD_MATCH = YES;
				COPY_PHASE_STRIP = NO;
				DEAD_CODE_STRIPPING = YES;
				DEBUG_INFORMATION_FORMAT = dwarf;
				DEVELOPMENT_TEAM = T4SK8ZXCXG;
				ENABLE_STRICT_OBJC_MSGSEND = YES;
				ENABLE_TESTABILITY = YES;
				ENABLE_USER_SCRIPT_SANDBOXING = YES;
				GCC_C_LANGUAGE_STANDARD = gnu17;
				GCC_DYNAMIC_NO_PIC = NO;
				GCC_NO_COMMON_BLOCKS = YES;
				GCC_OPTIMIZATION_LEVEL = 0;
				GCC_PREPROCESSOR_DEFINITIONS = (
					"DEBUG=1",
					"$(inherited)",
				);
				GCC_WARN_64_TO_32_BIT_CONVERSION = YES;
				GCC_WARN_ABOUT_RETURN_TYPE = YES_ERROR;
				GCC_WARN_UNDECLARED_SELECTOR = YES;
				GCC_WARN_UNINITIALIZED_AUTOS = YES_AGGRESSIVE;
				GCC_WARN_UNUSED_FUNCTION = YES;
				GCC_WARN_UNUSED_VARIABLE = YES;
				MACOSX_DEPLOYMENT_TARGET = 14.0;
				MTL_ENABLE_DEBUG_INFO = INCLUDE_SOURCE;
				MTL_FAST_MATH = YES;
				ONLY_ACTIVE_ARCH = YES;
				SDKROOT = macosx;
				STRING_CATALOG_GENERATE_SYMBOLS = YES;
				SWIFT_ACTIVE_COMPILATION_CONDITIONS = "DEBUG $(inherited)";
				SWIFT_OPTIMIZATION_LEVEL = "-Onone";
				SWIFT_VERSION = 5.0;
			};
			name = Debug;
		};
		CF0000000000000R /* Release */ = {
			isa = XCBuildConfiguration;
			buildSettings = {
				ALWAYS_SEARCH_USER_PATHS = NO;
				ASSETCATALOG_COMPILER_GENERATE_SWIFT_ASSET_SYMBOL_EXTENSIONS = YES;
				CLANG_ANALYZER_NONNULL = YES;
				CLANG_CXX_LANGUAGE_STANDARD = "gnu++20";
				CLANG_ENABLE_MODULES = YES;
				CLANG_ENABLE_OBJC_ARC = YES;
				CLANG_WARN_BLOCK_CAPTURE_AUTORELEASING = YES;
				CLANG_WARN_BOOL_CONVERSION = YES;
				CLANG_WARN_COMMA = YES;
				CLANG_WARN_CONSTANT_CONVERSION = YES;
				CLANG_WARN_DEPRECATED_OBJC_IMPLEMENTATIONS = YES;
				CLANG_WARN_DIRECT_OBJC_ISA_USAGE = YES_ERROR;
				CLANG_WARN_DOCUMENTATION_COMMENTS = YES;
				CLANG_WARN_EMPTY_BODY = YES;
				CLANG_WARN_ENUM_CONVERSION = YES;
				CLANG_WARN_INFINITE_RECURSION = YES;
				CLANG_WARN_INT_CONVERSION = YES;
				CLANG_WARN_NON_LITERAL_NULL_CONVERSION = YES;
				CLANG_WARN_OBJC_IMPLICIT_RETAIN_SELF = YES;
				CLANG_WARN_OBJC_LITERAL_CONVERSION = YES;
				CLANG_WARN_OBJC_ROOT_CLASS = YES_ERROR;
				CLANG_WARN_QUOTED_INCLUDE_IN_FRAMEWORK_HEADER = YES;
				CLANG_WARN_RANGE_LOOP_ANALYSIS = YES;
				CLANG_WARN_STRICT_PROTOTYPES = YES;
				CLANG_WARN_SUSPICIOUS_MOVE = YES;
				CLANG_WARN_UNGUARDED_AVAILABILITY = YES_AGGRESSIVE;
				CLANG_WARN_UNREACHABLE_CODE = YES;
				CLANG_WARN__DUPLICATE_METHOD_MATCH = YES;
				COPY_PHASE_STRIP = NO;
				DEAD_CODE_STRIPPING = YES;
				DEBUG_INFORMATION_FORMAT = "dwarf-with-dsym";
				DEVELOPMENT_TEAM = T4SK8ZXCXG;
				ENABLE_NS_ASSERTIONS = NO;
				ENABLE_STRICT_OBJC_MSGSEND = YES;
				ENABLE_USER_SCRIPT_SANDBOXING = YES;
				GCC_C_LANGUAGE_STANDARD = gnu17;
				GCC_NO_COMMON_BLOCKS = YES;
				GCC_WARN_64_TO_32_BIT_CONVERSION = YES;
				GCC_WARN_ABOUT_RETURN_TYPE = YES_ERROR;
				GCC_WARN_UNDECLARED_SELECTOR = YES;
				GCC_WARN_UNINITIALIZED_AUTOS = YES_AGGRESSIVE;
				GCC_WARN_UNUSED_FUNCTION = YES;
				GCC_WARN_UNUSED_VARIABLE = YES;
				MACOSX_DEPLOYMENT_TARGET = 14.0;
				MTL_ENABLE_DEBUG_INFO = NO;
				MTL_FAST_MATH = YES;
				SDKROOT = macosx;
				STRING_CATALOG_GENERATE_SYMBOLS = YES;
				SWIFT_COMPILATION_MODE = wholemodule;
				SWIFT_VERSION = 5.0;
			};
			name = Release;
		};
		CF100000000000AD /* Debug */ = {
			isa = XCBuildConfiguration;
			buildSettings = {
				ASSETCATALOG_COMPILER_APPICON_NAME = AppIcon;
				ASSETCATALOG_COMPILER_GLOBAL_ACCENT_COLOR_NAME = AccentColor;
				CODE_SIGN_ENTITLEMENTS = Pique/Pique.entitlements;
				"CODE_SIGN_IDENTITY[sdk=macosx*]" = "Developer ID Application";
				CODE_SIGN_STYLE = Manual;
				COMBINE_HIDPI_IMAGES = YES;
				CURRENT_PROJECT_VERSION = 14;
				DEAD_CODE_STRIPPING = YES;
				DEVELOPMENT_TEAM = "";
				"DEVELOPMENT_TEAM[sdk=macosx*]" = T4SK8ZXCXG;
				ENABLE_APP_SANDBOX = YES;
				ENABLE_FILE_ACCESS_DOWNLOADS_FOLDER = readonly;
				ENABLE_HARDENED_RUNTIME = YES;
				ENABLE_INCOMING_NETWORK_CONNECTIONS = NO;
				ENABLE_OUTGOING_NETWORK_CONNECTIONS = NO;
				ENABLE_RESOURCE_ACCESS_AUDIO_INPUT = NO;
				ENABLE_RESOURCE_ACCESS_BLUETOOTH = NO;
				ENABLE_RESOURCE_ACCESS_CALENDARS = NO;
				ENABLE_RESOURCE_ACCESS_CAMERA = NO;
				ENABLE_RESOURCE_ACCESS_CONTACTS = NO;
				ENABLE_RESOURCE_ACCESS_LOCATION = NO;
				ENABLE_RESOURCE_ACCESS_PRINTING = NO;
				ENABLE_RESOURCE_ACCESS_USB = NO;
				ENABLE_USER_SELECTED_FILES = readonly;
				GENERATE_INFOPLIST_FILE = YES;
				INFOPLIST_FILE = Pique/Info.plist;
				INFOPLIST_KEY_CFBundleDisplayName = Pique;
				INFOPLIST_KEY_LSApplicationCategoryType = "public.app-category.utilities";
				INFOPLIST_KEY_NSHumanReadableCopyright = "";
				INFOPLIST_KEY_NSMainStoryboardFile = "";
				LD_RUNPATH_SEARCH_PATHS = (
					"$(inherited)",
					"@executable_path/../Frameworks",
				);
				MACOSX_DEPLOYMENT_TARGET = 15.6;
				MARKETING_VERSION = 0.1.0b4;
				PRODUCT_BUNDLE_IDENTIFIER = io.macadmins.pique;
				PRODUCT_NAME = "$(TARGET_NAME)";
				PROVISIONING_PROFILE_SPECIFIER = "";
				"PROVISIONING_PROFILE_SPECIFIER[sdk=macosx*]" = "";
				SWIFT_EMIT_LOC_STRINGS = YES;
				SWIFT_VERSION = 6.0;
			};
			name = Debug;
		};
		CF100000000000AR /* Release */ = {
			isa = XCBuildConfiguration;
			buildSettings = {
				ASSETCATALOG_COMPILER_APPICON_NAME = AppIcon;
				ASSETCATALOG_COMPILER_GLOBAL_ACCENT_COLOR_NAME = AccentColor;
				CODE_SIGN_ENTITLEMENTS = Pique/Pique.entitlements;
				"CODE_SIGN_IDENTITY[sdk=macosx*]" = "Developer ID Application";
				CODE_SIGN_STYLE = Manual;
				COMBINE_HIDPI_IMAGES = YES;
				CURRENT_PROJECT_VERSION = 14;
				DEAD_CODE_STRIPPING = YES;
				DEVELOPMENT_TEAM = "";
				"DEVELOPMENT_TEAM[sdk=macosx*]" = T4SK8ZXCXG;
				ENABLE_APP_SANDBOX = YES;
				ENABLE_FILE_ACCESS_DOWNLOADS_FOLDER = readonly;
				ENABLE_HARDENED_RUNTIME = YES;
				ENABLE_INCOMING_NETWORK_CONNECTIONS = NO;
				ENABLE_OUTGOING_NETWORK_CONNECTIONS = NO;
				ENABLE_RESOURCE_ACCESS_AUDIO_INPUT = NO;
				ENABLE_RESOURCE_ACCESS_BLUETOOTH = NO;
				ENABLE_RESOURCE_ACCESS_CALENDARS = NO;
				ENABLE_RESOURCE_ACCESS_CAMERA = NO;
				ENABLE_RESOURCE_ACCESS_CONTACTS = NO;
				ENABLE_RESOURCE_ACCESS_LOCATION = NO;
				ENABLE_RESOURCE_ACCESS_PRINTING = NO;
				ENABLE_RESOURCE_ACCESS_USB = NO;
				ENABLE_USER_SELECTED_FILES = readonly;
				GENERATE_INFOPLIST_FILE = YES;
				INFOPLIST_FILE = Pique/Info.plist;
				INFOPLIST_KEY_CFBundleDisplayName = Pique;
				INFOPLIST_KEY_LSApplicationCategoryType = "public.app-category.utilities";
				INFOPLIST_KEY_NSHumanReadableCopyright = "";
				INFOPLIST_KEY_NSMainStoryboardFile = "";
				LD_RUNPATH_SEARCH_PATHS = (
					"$(inherited)",
					"@executable_path/../Frameworks",
				);
				MACOSX_DEPLOYMENT_TARGET = 15.6;
				MARKETING_VERSION = 0.1.0b4;
				PRODUCT_BUNDLE_IDENTIFIER = io.macadmins.pique;
				PRODUCT_NAME = "$(TARGET_NAME)";
				PROVISIONING_PROFILE_SPECIFIER = "";
				"PROVISIONING_PROFILE_SPECIFIER[sdk=macosx*]" = "";
				SWIFT_EMIT_LOC_STRINGS = YES;
				SWIFT_VERSION = 6.0;
			};
			name = Release;
		};
		CF200000000000AD /* Debug */ = {
			isa = XCBuildConfiguration;
			buildSettings = {
				CODE_SIGN_ENTITLEMENTS = PiquePreview/PiquePreview.entitlements;
				"CODE_SIGN_IDENTITY[sdk=macosx*]" = "Developer ID Application";
				CODE_SIGN_STYLE = Manual;
				CURRENT_PROJECT_VERSION = 14;
				DEAD_CODE_STRIPPING = YES;
				DEVELOPMENT_TEAM = "";
				"DEVELOPMENT_TEAM[sdk=macosx*]" = T4SK8ZXCXG;
				ENABLE_HARDENED_RUNTIME = YES;
				GENERATE_INFOPLIST_FILE = YES;
				INFOPLIST_FILE = PiquePreview/Info.plist;
				INFOPLIST_KEY_CFBundleDisplayName = PiquePreview;
				INFOPLIST_KEY_NSHumanReadableCopyright = "";
				LD_RUNPATH_SEARCH_PATHS = (
					"$(inherited)",
					"@executable_path/../Frameworks",
					"@executable_path/../../../../Frameworks",
				);
				MACOSX_DEPLOYMENT_TARGET = 15.6;
				MARKETING_VERSION = 0.1.0b4;
				MERGED_BINARY_TYPE = none;
				PRODUCT_BUNDLE_IDENTIFIER = io.macadmins.pique.PiquePreview;
				PRODUCT_NAME = "$(TARGET_NAME)";
				PROVISIONING_PROFILE_SPECIFIER = "";
				SKIP_INSTALL = YES;
				SWIFT_EMIT_LOC_STRINGS = YES;
				SWIFT_OPTIMIZATION_LEVEL = "-O";
			};
			name = Debug;
		};
		CF200000000000AR /* Release */ = {
			isa = XCBuildConfiguration;
			buildSettings = {
				CODE_SIGN_ENTITLEMENTS = PiquePreview/PiquePreview.entitlements;
				"CODE_SIGN_IDENTITY[sdk=macosx*]" = "Developer ID Application";
				CODE_SIGN_STYLE = Manual;
				CURRENT_PROJECT_VERSION = 14;
				DEAD_CODE_STRIPPING = YES;
				DEVELOPMENT_TEAM = "";
				"DEVELOPMENT_TEAM[sdk=macosx*]" = T4SK8ZXCXG;
				ENABLE_HARDENED_RUNTIME = YES;
				GENERATE_INFOPLIST_FILE = YES;
				INFOPLIST_FILE = PiquePreview/Info.plist;
				INFOPLIST_KEY_CFBundleDisplayName = PiquePreview;
				INFOPLIST_KEY_NSHumanReadableCopyright = "";
				LD_RUNPATH_SEARCH_PATHS = (
					"$(inherited)",
					"@executable_path/../Frameworks",
					"@executable_path/../../../../Frameworks",
				);
				MACOSX_DEPLOYMENT_TARGET = 15.6;
				MARKETING_VERSION = 0.1.0b4;
				PRODUCT_BUNDLE_IDENTIFIER = io.macadmins.pique.PiquePreview;
				PRODUCT_NAME = "$(TARGET_NAME)";
				PROVISIONING_PROFILE_SPECIFIER = "";
				SKIP_INSTALL = YES;
				SWIFT_EMIT_LOC_STRINGS = YES;
			};
			name = Release;
		};
		CF300000000000AD /* Debug */ = {
			isa = XCBuildConfiguration;
			buildSettings = {
				BUNDLE_LOADER = "$(TEST_HOST)";
				CODE_SIGN_STYLE = Automatic;
				CURRENT_PROJECT_VERSION = 14;
				DEAD_CODE_STRIPPING = YES;
				GENERATE_INFOPLIST_FILE = YES;
				MACOSX_DEPLOYMENT_TARGET = 15.6;
				MARKETING_VERSION = 0.1.0b4;
				PRODUCT_BUNDLE_IDENTIFIER = io.macadmins.pique.tests;
				PRODUCT_NAME = "$(TARGET_NAME)";
				SWIFT_EMIT_LOC_STRINGS = NO;
				SWIFT_VERSION = 6.0;
				TEST_HOST = "$(BUILT_PRODUCTS_DIR)/Pique.app/$(BUNDLE_EXECUTABLE_FOLDER_PATH)/Pique";
			};
			name = Debug;
		};
		CF300000000000AR /* Release */ = {
			isa = XCBuildConfiguration;
			buildSettings = {
				BUNDLE_LOADER = "$(TEST_HOST)";
				CODE_SIGN_STYLE = Automatic;
				CURRENT_PROJECT_VERSION = 14;
				DEAD_CODE_STRIPPING = YES;
				GENERATE_INFOPLIST_FILE = YES;
				MACOSX_DEPLOYMENT_TARGET = 15.6;
				MARKETING_VERSION = 0.1.0b4;
				PRODUCT_BUNDLE_IDENTIFIER = io.macadmins.pique.tests;
				PRODUCT_NAME = "$(TARGET_NAME)";
				SWIFT_EMIT_LOC_STRINGS = NO;
				SWIFT_VERSION = 6.0;
				TEST_HOST = "$(BUILT_PRODUCTS_DIR)/Pique.app/$(BUNDLE_EXECUTABLE_FOLDER_PATH)/Pique";
			};
			name = Release;
		};
/* End XCBuildConfiguration section */

/* Begin XCConfigurationList section */
		X000000000000001 /* Build configuration list for PBXProject "Pique" */ = {
			isa = XCConfigurationList;
			buildConfigurations = (
				CF0000000000000D /* Debug */,
				CF0000000000000R /* Release */,
			);
			defaultConfigurationIsVisible = 0;
			defaultConfigurationName = Release;
		};
		X100000000000001 /* Build configuration list for PBXNativeTarget "Pique" */ = {
			isa = XCConfigurationList;
			buildConfigurations = (
				CF100000000000AD /* Debug */,
				CF100000000000AR /* Release */,
			);
			defaultConfigurationIsVisible = 0;
			defaultConfigurationName = Release;
		};
		X200000000000001 /* Build configuration list for PBXNativeTarget "PiquePreview" */ = {
			isa = XCConfigurationList;
			buildConfigurations = (
				CF200000000000AD /* Debug */,
				CF200000000000AR /* Release */,
			);
			defaultConfigurationIsVisible = 0;
			defaultConfigurationName = Release;
		};
		X300000000000001 /* Build configuration list for PBXNativeTarget "PiqueTests" */ = {
			isa = XCConfigurationList;
			buildConfigurations = (
				CF300000000000AD /* Debug */,
				CF300000000000AR /* Release */,
			);
			defaultConfigurationIsVisible = 0;
			defaultConfigurationName = Release;
		};
/* End XCConfigurationList section */
	};
	rootObject = E000000000000001 /* Project object */;
}
